{
  "name": "tree-sitter-raku",
  "version": "1.0.0",
  "lockfileVersion": 2,
  "requires": true,
  "packages": {
    "": {
      "version": "1.0.0",
      "license": "GPL-3.0",
      "dependencies": {
        "tree-sitter-cli": "^0.20.0"
      }
    },
    "node_modules/tree-sitter-cli": {
      "version": "0.20.0",
      "resolved": "https://registry.npmjs.org/tree-sitter-cli/-/tree-sitter-cli-0.20.0.tgz",
      "integrity": "sha512-4D1qapWbJXZ5rrSUGM5rcw5Vuq/smzn9KbiFRhlON6KeuuXjra+KAtDYVrDgAoLIG4ku+jbEEGrJxCptUGi3dg==",
      "hasInstallScript": true,
      "bin": {
        "tree-sitter": "cli.js"
      }
    }
  },
  "dependencies": {
    "tree-sitter-cli": {
      "version": "0.20.0",
      "resolved": "https://registry.npmjs.org/tree-sitter-cli/-/tree-sitter-cli-0.20.0.tgz",
      "integrity": "sha512-4D1qapWbJXZ5rrSUGM5rcw5Vuq/smzn9KbiFRhlON6KeuuXjra+KAtDYVrDgAoLIG4ku+jbEEGrJxCptUGi3dg=="
    }
  }
}
